{
    "_readme": [
        "This file locks the dependencies of your project to a known state",
        "Read more about it at https://getcomposer.org/doc/01-basic-usage.md#composer-lock-the-lock-file",
        "This file is @generated automatically"
    ],
    "hash": "5b42021b6fce55028603edb13c3afdf1",
    "packages": [
        {
            "name": "adodb/adodb-php",
            "version": "v5.19",
            "source": {
                "type": "git",
                "url": "https://github.com/ADOdb/ADOdb.git",
                "reference": "773bb9b7ccd81b403bf75f7ef476c3f2d7ee04de"
            },
            "dist": {
                "type": "zip",
                "url": "https://api.github.com/repos/ADOdb/ADOdb/zipball/773bb9b7ccd81b403bf75f7ef476c3f2d7ee04de",
                "reference": "773bb9b7ccd81b403bf75f7ef476c3f2d7ee04de",
                "shasum": ""
            },
            "require": {
                "php": ">=5.3.2"
            },
            "type": "library",
            "autoload": {
                "files": [
                    "adodb.inc.php"
                ]
            },
            "notification-url": "https://packagist.org/downloads/",
            "license": [
                "LGPL-2.1",
                " BSD-2-Clause"
            ],
            "authors": [
                {
                    "name": "John Lim",
                    "email": "jlim@natsoft.com",
                    "role": "Author"
                },
                {
                    "name": "Damien Regad",
                    "role": "Current maintainer"
                }
            ],
            "description": "ADOdb is a PHP database abstraction layer library",
            "homepage": "http://adodb.sourceforge.net/",
            "keywords": [
                "database"
            ],
            "time": "2014-04-23 14:37:03"
        },
        {
            "name": "jasig/phpcas",
            "version": "1.3.3",
            "source": {
                "type": "git",
                "url": "https://github.com/Jasig/phpCAS.git",
                "reference": "b6f5d484735d3b0e80b068a87bd1eabac04b2cbe"
            },
            "dist": {
                "type": "zip",
                "url": "https://api.github.com/repos/Jasig/phpCAS/zipball/b6f5d484735d3b0e80b068a87bd1eabac04b2cbe",
                "reference": "b6f5d484735d3b0e80b068a87bd1eabac04b2cbe",
                "shasum": ""
            },
            "require": {
                "php": ">=5.0.0"
            },
            "require-dev": {
                "phpunit/phpunit": "~3.7.10"
            },
            "type": "library",
            "extra": {
                "branch-alias": {
                    "dev-master": "1.3.x-dev"
                }
            },
            "autoload": {
                "classmap": [
                    "source/"
                ]
            },
            "notification-url": "https://packagist.org/downloads/",
            "license": [
                "Apache-2.0"
            ],
            "authors": [
                {
                    "name": "Joachim Fritschi",
                    "homepage": "https://wiki.jasig.org/display/~fritschi"
                },
                {
                    "name": "Adam Franco",
                    "homepage": "https://wiki.jasig.org/display/~adamfranco"
                }
            ],
            "description": "Provides a simple API for authenticating users against a CAS server",
            "homepage": "https://wiki.jasig.org/display/CASC/phpCAS",
            "keywords": [
                "cas",
                "jasig"
            ],
            "time": "2014-07-24 20:29:29"
        },
        {
            "name": "smarty/smarty",
            "version": "v3.1.27",
            "source": {
                "type": "git",
                "url": "https://github.com/smarty-php/smarty.git",
                "reference": "4537d8aae6c4a26f5439bc3a05d3437d25c2c4d2"
            },
            "dist": {
                "type": "zip",
                "url": "https://api.github.com/repos/smarty-php/smarty/zipball/4537d8aae6c4a26f5439bc3a05d3437d25c2c4d2",
                "reference": "4537d8aae6c4a26f5439bc3a05d3437d25c2c4d2",
                "shasum": ""
            },
            "require": {
                "php": ">=5.2"
            },
            "type": "library",
            "extra": {
                "branch-alias": {
                    "dev-master": "3.1.x-dev"
                }
            },
            "autoload": {
                "classmap": [
                    "libs/Smarty.class.php",
                    "libs/SmartyBC.class.php",
                    "libs/sysplugins/"
                ]
            },
            "notification-url": "https://packagist.org/downloads/",
            "license": [
                "LGPL-3.0"
            ],
            "authors": [
                {
                    "name": "Monte Ohrt",
                    "email": "monte@ohrt.com"
                },
                {
                    "name": "Uwe Tews",
                    "email": "uwe.tews@googlemail.com"
                },
                {
                    "name": "Rodney Rehm",
                    "email": "rodney.rehm@medialize.de"
                }
            ],
            "description": "Smarty - the compiling PHP template engine",
            "homepage": "http://www.smarty.net",
            "keywords": [
                "templating"
            ],
            "time": "2015-06-18 00:55:59"
        }
    ],
    "packages-dev": [],
    "aliases": [],
    "minimum-stability": "stable",
    "stability-flags": [],
    "prefer-stable": false,
    "prefer-lowest": false,
    "platform": [],
    "platform-dev": []
}
